
Microsoft Visual Studio Solution File, Format Version 12.00
# Visual Studio 15
VisualStudioVersion = 15.0.28307.136
MinimumVisualStudioVersion = 10.0.40219.1
Project("{FAE04EC0-301F-11D3-BF4B-00C04F79EFBC}") = "TCP IP sniffer", "TCP IP sniffer\TCP IP sniffer.csproj", "{B77B4E45-A40B-4E27-BBF6-5E62EEB7C1AA}"
EndProject
Global
	GlobalSection(SolutionConfigurationPlatforms) = preSolution
		Debug|Any CPU = Debug|Any CPU
		Release|Any CPU = Release|Any CPU
	EndGlobalSection
	GlobalSection(ProjectConfigurationPlatforms) = postSolution
		{B77B4E45-A40B-4E27-BBF6-5E62EEB7C1AA}.Debug|Any CPU.ActiveCfg = Debug|Any CPU
		{B77B4E45-A40B-4E27-BBF6-5E62EEB7C1AA}.Debug|Any CPU.Build.0 = Debug|Any CPU
		{B77B4E45-A40B-4E27-BBF6-5E62EEB7C1AA}.Release|Any CPU.ActiveCfg = Release|Any CPU
		{B77B4E45-A40B-4E27-BBF6-5E62EEB7C1AA}.Release|Any CPU.Build.0 = Release|Any CPU
	EndGlobalSection
	GlobalSection(SolutionProperties) = preSolution
		HideSolutionNode = FALSE
	EndGlobalSection
	GlobalSection(ExtensibilityGlobals) = postSolution
		SolutionGuid = {1C155515-60AB-4A89-B9A8-C992B4965123}
	EndGlobalSection
EndGlobal
